
Microsoft Visual Studio Solution File, Format Version 12.00
# Visual Studio Version 17
VisualStudioVersion = 17.8.34601.278
MinimumVisualStudioVersion = 10.0.40219.1
Project("{9A19103F-16F7-4668-BE54-9A1E7A4F7556}") = "TornBot", "TornBot.csproj", "{B9DD27E8-36CE-4108-BE07-E4511F74E121}"
EndProject
Global
	GlobalSection(SolutionConfigurationPlatforms) = preSolution
		Debug|Any CPU = Debug|Any CPU
		Release|Any CPU = Release|Any CPU
	EndGlobalSection
	GlobalSection(ProjectConfigurationPlatforms) = postSolution
		{B9DD27E8-36CE-4108-BE07-E4511F74E121}.Debug|Any CPU.ActiveCfg = Debug|Any CPU
		{B9DD27E8-36CE-4108-BE07-E4511F74E121}.Debug|Any CPU.Build.0 = Debug|Any CPU
		{B9DD27E8-36CE-4108-BE07-E4511F74E121}.Release|Any CPU.ActiveCfg = Release|Any CPU
		{B9DD27E8-36CE-4108-BE07-E4511F74E121}.Release|Any CPU.Build.0 = Release|Any CPU
	EndGlobalSection
	GlobalSection(SolutionProperties) = preSolution
		HideSolutionNode = FALSE
	EndGlobalSection
	GlobalSection(ExtensibilityGlobals) = postSolution
		SolutionGuid = {C5442297-C3FB-4F85-BA29-699BDAE6080F}
	EndGlobalSection
EndGlobal
